
Microsoft Visual Studio Solution File, Format Version 12.00
# Visual Studio 15
VisualStudioVersion = 15.0.27004.2008
MinimumVisualStudioVersion = 10.0.40219.1
Project("{8BC9CEB8-8B4A-11D0-8D11-00A0C91BC942}") = "Sortowanie", "Sortowanie\Sortowanie.vcxproj", "{4BFB4801-811A-4098-9AF0-10B1BEACB5B0}"
EndProject
Project("{8BC9CEB8-8B4A-11D0-8D11-00A0C91BC942}") = "tester", "tester\tester.vcxproj", "{AE36C484-EC13-4976-B665-B14FF16B6A9E}"
EndProject
Global
	GlobalSection(SolutionConfigurationPlatforms) = preSolution
		Debug|x64 = Debug|x64
		Debug|x86 = Debug|x86
		Release|x64 = Release|x64
		Release|x86 = Release|x86
	EndGlobalSection
	GlobalSection(ProjectConfigurationPlatforms) = postSolution
		{4BFB4801-811A-4098-9AF0-10B1BEACB5B0}.Debug|x64.ActiveCfg = Debug|x64
		{4BFB4801-811A-4098-9AF0-10B1BEACB5B0}.Debug|x64.Build.0 = Debug|x64
		{4BFB4801-811A-4098-9AF0-10B1BEACB5B0}.Debug|x86.ActiveCfg = Debug|Win32
		{4BFB4801-811A-4098-9AF0-10B1BEACB5B0}.Debug|x86.Build.0 = Debug|Win32
		{4BFB4801-811A-4098-9AF0-10B1BEACB5B0}.Release|x64.ActiveCfg = Release|x64
		{4BFB4801-811A-4098-9AF0-10B1BEACB5B0}.Release|x64.Build.0 = Release|x64
		{4BFB4801-811A-4098-9AF0-10B1BEACB5B0}.Release|x86.ActiveCfg = Release|Win32
		{4BFB4801-811A-4098-9AF0-10B1BEACB5B0}.Release|x86.Build.0 = Release|Win32
		{AE36C484-EC13-4976-B665-B14FF16B6A9E}.Debug|x64.ActiveCfg = Debug|x64
		{AE36C484-EC13-4976-B665-B14FF16B6A9E}.Debug|x64.Build.0 = Debug|x64
		{AE36C484-EC13-4976-B665-B14FF16B6A9E}.Debug|x86.ActiveCfg = Debug|Win32
		{AE36C484-EC13-4976-B665-B14FF16B6A9E}.Debug|x86.Build.0 = Debug|Win32
		{AE36C484-EC13-4976-B665-B14FF16B6A9E}.Release|x64.ActiveCfg = Release|x64
		{AE36C484-EC13-4976-B665-B14FF16B6A9E}.Release|x64.Build.0 = Release|x64
		{AE36C484-EC13-4976-B665-B14FF16B6A9E}.Release|x86.ActiveCfg = Release|Win32
		{AE36C484-EC13-4976-B665-B14FF16B6A9E}.Release|x86.Build.0 = Release|Win32
	EndGlobalSection
	GlobalSection(SolutionProperties) = preSolution
		HideSolutionNode = FALSE
	EndGlobalSection
	GlobalSection(ExtensibilityGlobals) = postSolution
		SolutionGuid = {7BBF461E-65AD-4DA7-AD9B-514010D9AC28}
	EndGlobalSection
EndGlobal
